
Microsoft Visual Studio Solution File, Format Version 12.00
# Visual Studio 15
VisualStudioVersion = 15.0.28307.572
MinimumVisualStudioVersion = 10.0.40219.1
Project("{FAE04EC0-301F-11D3-BF4B-00C04F79EFBC}") = "PlaceFinder", "PlaceFinder\PlaceFinder.csproj", "{246F2BAB-D2AF-4E03-9B3E-FDEBE6ECE659}"
EndProject
Project("{FAE04EC0-301F-11D3-BF4B-00C04F79EFBC}") = "PlaceFinder.DAL", "PlaceFinder.DAL\PlaceFinder.DAL.csproj", "{F7A6FFC7-52C6-40E1-AE55-7AB45F1B231A}"
EndProject
Project("{FAE04EC0-301F-11D3-BF4B-00C04F79EFBC}") = "PlaceFinder.BL", "PlaceFinder.BL\PlaceFinder.BL.csproj", "{300B27C8-9EA0-4C43-907F-400BCA440821}"
EndProject
Global
	GlobalSection(SolutionConfigurationPlatforms) = preSolution
		Debug|Any CPU = Debug|Any CPU
		Release|Any CPU = Release|Any CPU
	EndGlobalSection
	GlobalSection(ProjectConfigurationPlatforms) = postSolution
		{246F2BAB-D2AF-4E03-9B3E-FDEBE6ECE659}.Debug|Any CPU.ActiveCfg = Debug|Any CPU
		{246F2BAB-D2AF-4E03-9B3E-FDEBE6ECE659}.Debug|Any CPU.Build.0 = Debug|Any CPU
		{246F2BAB-D2AF-4E03-9B3E-FDEBE6ECE659}.Release|Any CPU.ActiveCfg = Release|Any CPU
		{246F2BAB-D2AF-4E03-9B3E-FDEBE6ECE659}.Release|Any CPU.Build.0 = Release|Any CPU
		{F7A6FFC7-52C6-40E1-AE55-7AB45F1B231A}.Debug|Any CPU.ActiveCfg = Debug|Any CPU
		{F7A6FFC7-52C6-40E1-AE55-7AB45F1B231A}.Debug|Any CPU.Build.0 = Debug|Any CPU
		{F7A6FFC7-52C6-40E1-AE55-7AB45F1B231A}.Release|Any CPU.ActiveCfg = Release|Any CPU
		{F7A6FFC7-52C6-40E1-AE55-7AB45F1B231A}.Release|Any CPU.Build.0 = Release|Any CPU
		{300B27C8-9EA0-4C43-907F-400BCA440821}.Debug|Any CPU.ActiveCfg = Debug|Any CPU
		{300B27C8-9EA0-4C43-907F-400BCA440821}.Debug|Any CPU.Build.0 = Debug|Any CPU
		{300B27C8-9EA0-4C43-907F-400BCA440821}.Release|Any CPU.ActiveCfg = Release|Any CPU
		{300B27C8-9EA0-4C43-907F-400BCA440821}.Release|Any CPU.Build.0 = Release|Any CPU
	EndGlobalSection
	GlobalSection(SolutionProperties) = preSolution
		HideSolutionNode = FALSE
	EndGlobalSection
	GlobalSection(ExtensibilityGlobals) = postSolution
		SolutionGuid = {DFBE7BB1-E6AC-466C-A5C3-3E1DC3238DFF}
	EndGlobalSection
EndGlobal
